
Microsoft Visual Studio Solution File, Format Version 12.00
# Visual Studio Version 17
VisualStudioVersion = 17.7.34024.191
MinimumVisualStudioVersion = 10.0.40219.1
Project("{FAE04EC0-301F-11D3-BF4B-00C04F79EFBC}") = "Tejas", "Tejas.csproj", "{F896D41B-9FD3-417C-9269-F57D8E8EC03E}"
EndProject
Global
	GlobalSection(SolutionConfigurationPlatforms) = preSolution
		Debug|Any CPU = Debug|Any CPU
		Release|Any CPU = Release|Any CPU
	EndGlobalSection
	GlobalSection(ProjectConfigurationPlatforms) = postSolution
		{F896D41B-9FD3-417C-9269-F57D8E8EC03E}.Debug|Any CPU.ActiveCfg = Debug|Any CPU
		{F896D41B-9FD3-417C-9269-F57D8E8EC03E}.Debug|Any CPU.Build.0 = Debug|Any CPU
		{F896D41B-9FD3-417C-9269-F57D8E8EC03E}.Release|Any CPU.ActiveCfg = Release|Any CPU
		{F896D41B-9FD3-417C-9269-F57D8E8EC03E}.Release|Any CPU.Build.0 = Release|Any CPU
	EndGlobalSection
	GlobalSection(SolutionProperties) = preSolution
		HideSolutionNode = FALSE
	EndGlobalSection
	GlobalSection(ExtensibilityGlobals) = postSolution
		SolutionGuid = {1D32EDD1-B9CF-4217-B6A4-F8D5928A1843}
	EndGlobalSection
EndGlobal
